
Microsoft Visual Studio Solution File, Format Version 12.00
Project("{FAE04EC0-301F-11D3-BF4B-00C04F79EFBC}") = "Uber2", "Uber2\Uber2.csproj", "{A18FB418-DA38-49CB-8B00-E977B691ACED}"
EndProject
Global
	GlobalSection(SolutionConfigurationPlatforms) = preSolution
		Debug|Any CPU = Debug|Any CPU
		Release|Any CPU = Release|Any CPU
	EndGlobalSection
	GlobalSection(ProjectConfigurationPlatforms) = postSolution
		{A18FB418-DA38-49CB-8B00-E977B691ACED}.Debug|Any CPU.ActiveCfg = Debug|Any CPU
		{A18FB418-DA38-49CB-8B00-E977B691ACED}.Debug|Any CPU.Build.0 = Debug|Any CPU
		{A18FB418-DA38-49CB-8B00-E977B691ACED}.Release|Any CPU.ActiveCfg = Release|Any CPU
		{A18FB418-DA38-49CB-8B00-E977B691ACED}.Release|Any CPU.Build.0 = Release|Any CPU
	EndGlobalSection
EndGlobal
