
Microsoft Visual Studio Solution File, Format Version 12.00
Project("{FAE04EC0-301F-11D3-BF4B-00C04F79EFBC}") = "T1Driver", "T1Driver\T1Driver.csproj", "{33CED9A0-A3DF-414E-A368-542DC100807E}"
EndProject
Global
	GlobalSection(SolutionConfigurationPlatforms) = preSolution
		Debug|Any CPU = Debug|Any CPU
		Release|Any CPU = Release|Any CPU
	EndGlobalSection
	GlobalSection(ProjectConfigurationPlatforms) = postSolution
		{33CED9A0-A3DF-414E-A368-542DC100807E}.Debug|Any CPU.ActiveCfg = Debug|Any CPU
		{33CED9A0-A3DF-414E-A368-542DC100807E}.Debug|Any CPU.Build.0 = Debug|Any CPU
		{33CED9A0-A3DF-414E-A368-542DC100807E}.Release|Any CPU.ActiveCfg = Release|Any CPU
		{33CED9A0-A3DF-414E-A368-542DC100807E}.Release|Any CPU.Build.0 = Release|Any CPU
	EndGlobalSection
EndGlobal
